
Microsoft Visual Studio Solution File, Format Version 12.00
# Visual Studio Version 17
VisualStudioVersion = 17.4.33213.308
MinimumVisualStudioVersion = 10.0.40219.1
Project("{9A19103F-16F7-4668-BE54-9A1E7A4F7556}") = "RomanNumberCalculator", "RomanNumberCalculator.csproj", "{949E47C9-E45A-4669-BFDF-CEEF977774E5}"
EndProject
Project("{FAE04EC0-301F-11D3-BF4B-00C04F79EFBC}") = "Test", "..\Test\Test.csproj", "{21E35230-4B1B-43B3-85D1-525CCCBDE292}"
EndProject
Global
	GlobalSection(SolutionConfigurationPlatforms) = preSolution
		Debug|Any CPU = Debug|Any CPU
		Release|Any CPU = Release|Any CPU
	EndGlobalSection
	GlobalSection(ProjectConfigurationPlatforms) = postSolution
		{949E47C9-E45A-4669-BFDF-CEEF977774E5}.Debug|Any CPU.ActiveCfg = Debug|Any CPU
		{949E47C9-E45A-4669-BFDF-CEEF977774E5}.Debug|Any CPU.Build.0 = Debug|Any CPU
		{949E47C9-E45A-4669-BFDF-CEEF977774E5}.Release|Any CPU.ActiveCfg = Release|Any CPU
		{949E47C9-E45A-4669-BFDF-CEEF977774E5}.Release|Any CPU.Build.0 = Release|Any CPU
		{21E35230-4B1B-43B3-85D1-525CCCBDE292}.Debug|Any CPU.ActiveCfg = Debug|Any CPU
		{21E35230-4B1B-43B3-85D1-525CCCBDE292}.Debug|Any CPU.Build.0 = Debug|Any CPU
		{21E35230-4B1B-43B3-85D1-525CCCBDE292}.Release|Any CPU.ActiveCfg = Release|Any CPU
		{21E35230-4B1B-43B3-85D1-525CCCBDE292}.Release|Any CPU.Build.0 = Release|Any CPU
	EndGlobalSection
	GlobalSection(SolutionProperties) = preSolution
		HideSolutionNode = FALSE
	EndGlobalSection
	GlobalSection(ExtensibilityGlobals) = postSolution
		SolutionGuid = {4B2F3BD1-E5A7-41C2-967A-5171F36FA7CD}
	EndGlobalSection
EndGlobal
